// !$*UTF8*$!
{
	archiveVersion = 1;
	classes = {
	};
	objectVersion = 46;
	objects = {

/* Begin PBXBuildFile section */
		908609C41EEB555B0091D950 /* AppDelegate.swift in Sources */ = {isa = PBXBuildFile; fileRef = 908609C31EEB555B0091D950 /* AppDelegate.swift */; };
		908609C61EEB555B0091D950 /* ViewController.swift in Sources */ = {isa = PBXBuildFile; fileRef = 908609C51EEB555B0091D950 /* ViewController.swift */; };
		908609C91EEB555B0091D950 /* Main.storyboard in Resources */ = {isa = PBXBuildFile; fileRef = 908609C71EEB555B0091D950 /* Main.storyboard */; };
		908609CC1EEB555B0091D950 /* Hello_World.xcdatamodeld in Sources */ = {isa = PBXBuildFile; fileRef = 908609CA1EEB555B0091D950 /* Hello_World.xcdatamodeld */; };
		908609CE1EEB555B0091D950 /* Assets.xcassets in Resources */ = {isa = PBXBuildFile; fileRef = 908609CD1EEB555B0091D950 /* Assets.xcassets */; };
		908609D11EEB555B0091D950 /* LaunchScreen.storyboard in Resources */ = {isa = PBXBuildFile; fileRef = 908609CF1EEB555B0091D950 /* LaunchScreen.storyboard */; };
		908609DC1EEB555B0091D950 /* Hello_WorldTests.swift in Sources */ = {isa = PBXBuildFile; fileRef = 908609DB1EEB555B0091D950 /* Hello_WorldTests.swift */; };
		908609E71EEB555B0091D950 /* Hello_WorldUITests.swift in Sources */ = {isa = PBXBuildFile; fileRef = 908609E61EEB555B0091D950 /* Hello_WorldUITests.swift */; };
/* End PBXBuildFile section */

/* Begin PBXContainerItemProxy section */
		908609D81EEB555B0091D950 /* PBXContainerItemProxy */ = {
			isa = PBXContainerItemProxy;
			containerPortal = 908609B81EEB555B0091D950 /* Project object */;
			proxyType = 1;
			remoteGlobalIDString = 908609BF1EEB555B0091D950;
			remoteInfo = "Hello World";
		};
		908609E31EEB555B0091D950 /* PBXContainerItemProxy */ = {
			isa = PBXContainerItemProxy;
			containerPortal = 908609B81EEB555B0091D950 /* Project object */;
			proxyType = 1;
			remoteGlobalIDString = 908609BF1EEB555B0091D950;
			remoteInfo = "Hello World";
		};
/* End PBXContainerItemProxy section */

/* Begin PBXFileReference section */
		908609C01EEB555B0091D950 /* Hello World.app */ = {isa = PBXFileReference; explicitFileType = wrapper.application; includeInIndex = 0; path = "Hello World.app"; sourceTree = BUILT_PRODUCTS_DIR; };
		908609C31EEB555B0091D950 /* AppDelegate.swift */ = {isa = PBXFileReference; lastKnownFileType = sourcecode.swift; path = AppDelegate.swift; sourceTree = "<group>"; };
		908609C51EEB555B0091D950 /* ViewController.swift */ = {isa = PBXFileReference; lastKnownFileType = sourcecode.swift; path = ViewController.swift; sourceTree = "<group>"; };
		908609C81EEB555B0091D950 /* Base */ = {isa = PBXFileReference; lastKnownFileType = file.storyboard; name = Base; path = Base.lproj/Main.storyboard; sourceTree = "<group>"; };
		908609CB1EEB555B0091D950 /* Hello_World.xcdatamodel */ = {isa = PBXFileReference; lastKnownFileType = wrapper.xcdatamodel; path = Hello_World.xcdatamodel; sourceTree = "<group>"; };
		908609CD1EEB555B0091D950 /* Assets.xcassets */ = {isa = PBXFileReference; lastKnownFileType = folder.assetcatalog; path = Assets.xcassets; sourceTree = "<group>"; };
		908609D01EEB555B0091D950 /* Base */ = {isa = PBXFileReference; lastKnownFileType = file.storyboard; name = Base; path = Base.lproj/LaunchScreen.storyboard; sourceTree = "<group>"; };
		908609D21EEB555B0091D950 /* Info.plist */ = {isa = PBXFileReference; lastKnownFileType = text.plist.xml; path = Info.plist; sourceTree = "<group>"; };
		908609D71EEB555B0091D950 /* Hello WorldTests.xctest */ = {isa = PBXFileReference; explicitFileType = wrapper.cfbundle; includeInIndex = 0; path = "Hello WorldTests.xctest"; sourceTree = BUILT_PRODUCTS_DIR; };
		908609DB1EEB555B0091D950 /* Hello_WorldTests.swift */ = {isa = PBXFileReference; lastKnownFileType = sourcecode.swift; path = Hello_WorldTests.swift; sourceTree = "<group>"; };
		908609DD1EEB555B0091D950 /* Info.plist */ = {isa = PBXFileReference; lastKnownFileType = text.plist.xml; path = Info.plist; sourceTree = "<group>"; };
		908609E21EEB555B0091D950 /* Hello WorldUITests.xctest */ = {isa = PBXFileReference; explicitFileType = wrapper.cfbundle; includeInIndex = 0; path = "Hello WorldUITests.xctest"; sourceTree = BUILT_PRODUCTS_DIR; };
		908609E61EEB555B0091D950 /* Hello_WorldUITests.swift */ = {isa = PBXFileReference; lastKnownFileType = sourcecode.swift; path = Hello_WorldUITests.swift; sourceTree = "<group>"; };
		908609E81EEB555B0091D950 /* Info.plist */ = {isa = PBXFileReference; lastKnownFileType = text.plist.xml; path = Info.plist; sourceTree = "<group>"; };
/* End PBXFileReference section */

/* Begin PBXFrameworksBuildPhase section */
		908609BD1EEB555B0091D950 /* Frameworks */ = {
			isa = PBXFrameworksBuildPhase;
			buildActionMask = 2147483647;
			files = (
			);
			runOnlyForDeploymentPostprocessing = 0;
		};
		908609D41EEB555B0091D950 /* Frameworks */ = {
			isa = PBXFrameworksBuildPhase;
			buildActionMask = 2147483647;
			files = (
			);
			runOnlyForDeploymentPostprocessing = 0;
		};
		908609DF1EEB555B0091D950 /* Frameworks */ = {
			isa = PBXFrameworksBuildPhase;
			buildActionMask = 2147483647;
			files = (
			);
			runOnlyForDeploymentPostprocessing = 0;
		};
/* End PBXFrameworksBuildPhase section */

/* Begin PBXGroup section */
		908609B71EEB555B0091D950 = {
			isa = PBXGroup;
			children = (
				908609C21EEB555B0091D950 /* Hello World */,
				908609DA1EEB555B0091D950 /* Hello WorldTests */,
				908609E51EEB555B0091D950 /* Hello WorldUITests */,
				908609C11EEB555B0091D950 /* Products */,
			);
			sourceTree = "<group>";
		};
		908609C11EEB555B0091D950 /* Products */ = {
			isa = PBXGroup;
			children = (
				908609C01EEB555B0091D950 /* Hello World.app */,
				908609D71EEB555B0091D950 /* Hello WorldTests.xctest */,
				908609E21EEB555B0091D950 /* Hello WorldUITests.xctest */,
			);
			name = Products;
			sourceTree = "<group>";
		};
		908609C21EEB555B0091D950 /* Hello World */ = {
			isa = PBXGroup;
			children = (
				908609C31EEB555B0091D950 /* AppDelegate.swift */,
				908609C51EEB555B0091D950 /* ViewController.swift */,
				908609C71EEB555B0091D950 /* Main.storyboard */,
				908609CD1EEB555B0091D950 /* Assets.xcassets */,
				908609CF1EEB555B0091D950 /* LaunchScreen.storyboard */,
				908609D21EEB555B0091D950 /* Info.plist */,
				908609CA1EEB555B0091D950 /* Hello_World.xcdatamodeld */,
			);
			path = "Hello World";
			sourceTree = "<group>";
		};
		908609DA1EEB555B0091D950 /* Hello WorldTests */ = {
			isa = PBXGroup;
			children = (
				908609DB1EEB555B0091D950 /* Hello_WorldTests.swift */,
				908609DD1EEB555B0091D950 /* Info.plist */,
			);
			path = "Hello WorldTests";
			sourceTree = "<group>";
		};
		908609E51EEB555B0091D950 /* Hello WorldUITests */ = {
			isa = PBXGroup;
			children = (
				908609E61EEB555B0091D950 /* Hello_WorldUITests.swift */,
				908609E81EEB555B0091D950 /* Info.plist */,
			);
			path = "Hello WorldUITests";
			sourceTree = "<group>";
		};
/* End PBXGroup section */

/* Begin PBXNativeTarget section */
		908609BF1EEB555B0091D950 /* Hello World */ = {
			isa = PBXNativeTarget;
			buildConfigurationList = 908609EB1EEB555B0091D950 /* Build configuration list for PBXNativeTarget "Hello World" */;
			buildPhases = (
				908609BC1EEB555B0091D950 /* Sources */,
				908609BD1EEB555B0091D950 /* Frameworks */,
				908609BE1EEB555B0091D950 /* Resources */,
			);
			buildRules = (
			);
			dependencies = (
			);
			name = "Hello World";
			productName = "Hello World";
			productReference = 908609C01EEB555B0091D950 /* Hello World.app */;
			productType = "com.apple.product-type.application";
		};
		908609D61EEB555B0091D950 /* Hello WorldTests */ = {
			isa = PBXNativeTarget;
			buildConfigurationList = 908609EE1EEB555B0091D950 /* Build configuration list for PBXNativeTarget "Hello WorldTests" */;
			buildPhases = (
				908609D31EEB555B0091D950 /* Sources */,
				908609D41EEB555B0091D950 /* Frameworks */,
				908609D51EEB555B0091D950 /* Resources */,
			);
			buildRules = (
			);
			dependencies = (
				908609D91EEB555B0091D950 /* PBXTargetDependency */,
			);
			name = "Hello WorldTests";
			productName = "Hello WorldTests";
			productReference = 908609D71EEB555B0091D950 /* Hello WorldTests.xctest */;
			productType = "com.apple.product-type.bundle.unit-test";
		};
		908609E11EEB555B0091D950 /* Hello WorldUITests */ = {
			isa = PBXNativeTarget;
			buildConfigurationList = 908609F11EEB555B0091D950 /* Build configuration list for PBXNativeTarget "Hello WorldUITests" */;
			buildPhases = (
				908609DE1EEB555B0091D950 /* Sources */,
				908609DF1EEB555B0091D950 /* Frameworks */,
				908609E01EEB555B0091D950 /* Resources */,
			);
			buildRules = (
			);
			dependencies = (
				908609E41EEB555B0091D950 /* PBXTargetDependency */,
			);
			name = "Hello WorldUITests";
			productName = "Hello WorldUITests";
			productReference = 908609E21EEB555B0091D950 /* Hello WorldUITests.xctest */;
			productType = "com.apple.product-type.bundle.ui-testing";
		};
/* End PBXNativeTarget section */

/* Begin PBXProject section */
		908609B81EEB555B0091D950 /* Project object */ = {
			isa = PBXProject;
			attributes = {
				LastSwiftUpdateCheck = 0830;
				LastUpgradeCheck = 0830;
				ORGANIZATIONNAME = "Ryan Jones";
				TargetAttributes = {
					908609BF1EEB555B0091D950 = {
						CreatedOnToolsVersion = 8.3.2;
						ProvisioningStyle = Automatic;
					};
					908609D61EEB555B0091D950 = {
						CreatedOnToolsVersion = 8.3.2;
						ProvisioningStyle = Automatic;
						TestTargetID = 908609BF1EEB555B0091D950;
					};
					908609E11EEB555B0091D950 = {
						CreatedOnToolsVersion = 8.3.2;
						ProvisioningStyle = Automatic;
						TestTargetID = 908609BF1EEB555B0091D950;
					};
				};
			};
			buildConfigurationList = 908609BB1EEB555B0091D950 /* Build configuration list for PBXProject "Hello World" */;
			compatibilityVersion = "Xcode 3.2";
			developmentRegion = English;
			hasScannedForEncodings = 0;
			knownRegions = (
				en,
				Base,
			);
			mainGroup = 908609B71EEB555B0091D950;
			productRefGroup = 908609C11EEB555B0091D950 /* Products */;
			projectDirPath = "";
			projectRoot = "";
			targets = (
				908609BF1EEB555B0091D950 /* Hello World */,
				908609D61EEB555B0091D950 /* Hello WorldTests */,
				908609E11EEB555B0091D950 /* Hello WorldUITests */,
			);
		};
/* End PBXProject section */

/* Begin PBXResourcesBuildPhase section */
		908609BE1EEB555B0091D950 /* Resources */ = {
			isa = PBXResourcesBuildPhase;
			buildActionMask = 2147483647;
			files = (
				908609D11EEB555B0091D950 /* LaunchScreen.storyboard in Resources */,
				908609CE1EEB555B0091D950 /* Assets.xcassets in Resources */,
				908609C91EEB555B0091D950 /* Main.storyboard in Resources */,
			);
			runOnlyForDeploymentPostprocessing = 0;
		};
		908609D51EEB555B0091D950 /* Resources */ = {
			isa = PBXResourcesBuildPhase;
			buildActionMask = 2147483647;
			files = (
			);
			runOnlyForDeploymentPostprocessing = 0;
		};
		908609E01EEB555B0091D950 /* Resources */ = {
			isa = PBXResourcesBuildPhase;
			buildActionMask = 2147483647;
			files = (
			);
			runOnlyForDeploymentPostprocessing = 0;
		};
/* End PBXResourcesBuildPhase section */

/* Begin PBXSourcesBuildPhase section */
		908609BC1EEB555B0091D950 /* Sources */ = {
			isa = PBXSourcesBuildPhase;
			buildActionMask = 2147483647;
			files = (
				908609CC1EEB555B0091D950 /* Hello_World.xcdatamodeld in Sources */,
				908609C61EEB555B0091D950 /* ViewController.swift in Sources */,
				908609C41EEB555B0091D950 /* AppDelegate.swift in Sources */,
			);
			runOnlyForDeploymentPostprocessing = 0;
		};
		908609D31EEB555B0091D950 /* Sources */ = {
			isa = PBXSourcesBuildPhase;
			buildActionMask = 2147483647;
			files = (
				908609DC1EEB555B0091D950 /* Hello_WorldTests.swift in Sources */,
			);
			runOnlyForDeploymentPostprocessing = 0;
		};
		908609DE1EEB555B0091D950 /* Sources */ = {
			isa = PBXSourcesBuildPhase;
			buildActionMask = 2147483647;
			files = (
				908609E71EEB555B0091D950 /* Hello_WorldUITests.swift in Sources */,
			);
			runOnlyForDeploymentPostprocessing = 0;
		};
/* End PBXSourcesBuildPhase section */

/* Begin PBXTargetDependency section */
		908609D91EEB555B0091D950 /* PBXTargetDependency */ = {
			isa = PBXTargetDependency;
			target = 908609BF1EEB555B0091D950 /* Hello World */;
			targetProxy = 908609D81EEB555B0091D950 /* PBXContainerItemProxy */;
		};
		908609E41EEB555B0091D950 /* PBXTargetDependency */ = {
			isa = PBXTargetDependency;
			target = 908609BF1EEB555B0091D950 /* Hello World */;
			targetProxy = 908609E31EEB555B0091D950 /* PBXContainerItemProxy */;
		};
/* End PBXTargetDependency section */

/* Begin PBXVariantGroup section */
		908609C71EEB555B0091D950 /* Main.storyboard */ = {
			isa = PBXVariantGroup;
			children = (
				908609C81EEB555B0091D950 /* Base */,
			);
			name = Main.storyboard;
			sourceTree = "<group>";
		};
		908609CF1EEB555B0091D950 /* LaunchScreen.storyboard */ = {
			isa = PBXVariantGroup;
			children = (
				908609D01EEB555B0091D950 /* Base */,
			);
			name = LaunchScreen.storyboard;
			sourceTree = "<group>";
		};
/* End PBXVariantGroup section */

/* Begin XCBuildConfiguration section */
		908609E91EEB555B0091D950 /* Debug */ = {
			isa = XCBuildConfiguration;
			buildSettings = {
				ALWAYS_SEARCH_USER_PATHS = NO;
				CLANG_ANALYZER_NONNULL = YES;
				CLANG_ANALYZER_NUMBER_OBJECT_CONVERSION = YES_AGGRESSIVE;
				CLANG_CXX_LANGUAGE_STANDARD = "gnu++0x";
				CLANG_CXX_LIBRARY = "libc++";
				CLANG_ENABLE_MODULES = YES;
				CLANG_ENABLE_OBJC_ARC = YES;
				CLANG_WARN_BOOL_CONVERSION = YES;
				CLANG_WARN_CONSTANT_CONVERSION = YES;
				CLANG_WARN_DIRECT_OBJC_ISA_USAGE = YES_ERROR;
				CLANG_WARN_DOCUMENTATION_COMMENTS = YES;
				CLANG_WARN_EMPTY_BODY = YES;
				CLANG_WARN_ENUM_CONVERSION = YES;
				CLANG_WARN_INFINITE_RECURSION = YES;
				CLANG_WARN_INT_CONVERSION = YES;
				CLANG_WARN_OBJC_ROOT_CLASS = YES_ERROR;
				CLANG_WARN_SUSPICIOUS_MOVE = YES;
				CLANG_WARN_UNREACHABLE_CODE = YES;
				CLANG_WARN__DUPLICATE_METHOD_MATCH = YES;
				"CODE_SIGN_IDENTITY[sdk=iphoneos*]" = "iPhone Developer";
				COPY_PHASE_STRIP = NO;
				DEBUG_INFORMATION_FORMAT = dwarf;
				ENABLE_STRICT_OBJC_MSGSEND = YES;
				ENABLE_TESTABILITY = YES;
				GCC_C_LANGUAGE_STANDARD = gnu99;
				GCC_DYNAMIC_NO_PIC = NO;
				GCC_NO_COMMON_BLOCKS = YES;
				GCC_OPTIMIZATION_LEVEL = 0;
				GCC_PREPROCESSOR_DEFINITIONS = (
					"DEBUG=1",
					"$(inherited)",
				);
				GCC_WARN_64_TO_32_BIT_CONVERSION = YES;
				GCC_WARN_ABOUT_RETURN_TYPE = YES_ERROR;
				GCC_WARN_UNDECLARED_SELECTOR = YES;
				GCC_WARN_UNINITIALIZED_AUTOS = YES_AGGRESSIVE;
				GCC_WARN_UNUSED_FUNCTION = YES;
				GCC_WARN_UNUSED_VARIABLE = YES;
				IPHONEOS_DEPLOYMENT_TARGET = 10.3;
				MTL_ENABLE_DEBUG_INFO = YES;
				ONLY_ACTIVE_ARCH = YES;
				SDKROOT = iphoneos;
				SWIFT_ACTIVE_COMPILATION_CONDITIONS = DEBUG;
				SWIFT_OPTIMIZATION_LEVEL = "-Onone";
				TARGETED_DEVICE_FAMILY = "1,2";
			};
			name = Debug;
		};
		908609EA1EEB555B0091D950 /* Release */ = {
			isa = XCBuildConfiguration;
			buildSettings = {
				ALWAYS_SEARCH_USER_PATHS = NO;
				CLANG_ANALYZER_NONNULL = YES;
				CLANG_ANALYZER_NUMBER_OBJECT_CONVERSION = YES_AGGRESSIVE;
				CLANG_CXX_LANGUAGE_STANDARD = "gnu++0x";
				CLANG_CXX_LIBRARY = "libc++";
				CLANG_ENABLE_MODULES = YES;
				CLANG_ENABLE_OBJC_ARC = YES;
				CLANG_WARN_BOOL_CONVERSION = YES;
				CLANG_WARN_CONSTANT_CONVERSION = YES;
				CLANG_WARN_DIRECT_OBJC_ISA_USAGE = YES_ERROR;
				CLANG_WARN_DOCUMENTATION_COMMENTS = YES;
				CLANG_WARN_EMPTY_BODY = YES;
				CLANG_WARN_ENUM_CONVERSION = YES;
				CLANG_WARN_INFINITE_RECURSION = YES;
				CLANG_WARN_INT_CONVERSION = YES;
				CLANG_WARN_OBJC_ROOT_CLASS = YES_ERROR;
				CLANG_WARN_SUSPICIOUS_MOVE = YES;
				CLANG_WARN_UNREACHABLE_CODE = YES;
				CLANG_WARN__DUPLICATE_METHOD_MATCH = YES;
				"CODE_SIGN_IDENTITY[sdk=iphoneos*]" = "iPhone Developer";
				COPY_PHASE_STRIP = NO;
				DEBUG_INFORMATION_FORMAT = "dwarf-with-dsym";
				ENABLE_NS_ASSERTIONS = NO;
				ENABLE_STRICT_OBJC_MSGSEND = YES;
				GCC_C_LANGUAGE_STANDARD = gnu99;
				GCC_NO_COMMON_BLOCKS = YES;
				GCC_WARN_64_TO_32_BIT_CONVERSION = YES;
				GCC_WARN_ABOUT_RETURN_TYPE = YES_ERROR;
				GCC_WARN_UNDECLARED_SELECTOR = YES;
				GCC_WARN_UNINITIALIZED_AUTOS = YES_AGGRESSIVE;
				GCC_WARN_UNUSED_FUNCTION = YES;
				GCC_WARN_UNUSED_VARIABLE = YES;
				IPHONEOS_DEPLOYMENT_TARGET = 10.3;
				MTL_ENABLE_DEBUG_INFO = NO;
				SDKROOT = iphoneos;
				SWIFT_OPTIMIZATION_LEVEL = "-Owholemodule";
				TARGETED_DEVICE_FAMILY = "1,2";
				VALIDATE_PRODUCT = YES;
			};
			name = Release;
		};
		908609EC1EEB555B0091D950 /* Debug */ = {
			isa = XCBuildConfiguration;
			buildSettings = {
				ASSETCATALOG_COMPILER_APPICON_NAME = AppIcon;
				INFOPLIST_FILE = "Hello World/Info.plist";
				LD_RUNPATH_SEARCH_PATHS = "$(inherited) @executable_path/Frameworks";
				PRODUCT_BUNDLE_IDENTIFIER = "edu.missouri.Hello-World";
				PRODUCT_NAME = "$(TARGET_NAME)";
				SWIFT_VERSION = 3.0;
			};
			name = Debug;
		};
		908609ED1EEB555B0091D950 /* Release */ = {
			isa = XCBuildConfiguration;
			buildSettings = {
				ASSETCATALOG_COMPILER_APPICON_NAME = AppIcon;
				INFOPLIST_FILE = "Hello World/Info.plist";
				LD_RUNPATH_SEARCH_PATHS = "$(inherited) @executable_path/Frameworks";
				PRODUCT_BUNDLE_IDENTIFIER = "edu.missouri.Hello-World";
				PRODUCT_NAME = "$(TARGET_NAME)";
				SWIFT_VERSION = 3.0;
			};
			name = Release;
		};
		908609EF1EEB555B0091D950 /* Debug */ = {
			isa = XCBuildConfiguration;
			buildSettings = {
				ALWAYS_EMBED_SWIFT_STANDARD_LIBRARIES = YES;
				BUNDLE_LOADER = "$(TEST_HOST)";
				INFOPLIST_FILE = "Hello WorldTests/Info.plist";
				LD_RUNPATH_SEARCH_PATHS = "$(inherited) @executable_path/Frameworks @loader_path/Frameworks";
				PRODUCT_BUNDLE_IDENTIFIER = "edu.missouri.Hello-WorldTests";
				PRODUCT_NAME = "$(TARGET_NAME)";
				SWIFT_VERSION = 3.0;
				TEST_HOST = "$(BUILT_PRODUCTS_DIR)/Hello World.app/Hello World";
			};
			name = Debug;
		};
		908609F01EEB555B0091D950 /* Release */ = {
			isa = XCBuildConfiguration;
			buildSettings = {
				ALWAYS_EMBED_SWIFT_STANDARD_LIBRARIES = YES;
				BUNDLE_LOADER = "$(TEST_HOST)";
				INFOPLIST_FILE = "Hello WorldTests/Info.plist";
				LD_RUNPATH_SEARCH_PATHS = "$(inherited) @executable_path/Frameworks @loader_path/Frameworks";
				PRODUCT_BUNDLE_IDENTIFIER = "edu.missouri.Hello-WorldTests";
				PRODUCT_NAME = "$(TARGET_NAME)";
				SWIFT_VERSION = 3.0;
				TEST_HOST = "$(BUILT_PRODUCTS_DIR)/Hello World.app/Hello World";
			};
			name = Release;
		};
		908609F21EEB555B0091D950 /* Debug */ = {
			isa = XCBuildConfiguration;
			buildSettings = {
				ALWAYS_EMBED_SWIFT_STANDARD_LIBRARIES = YES;
				INFOPLIST_FILE = "Hello WorldUITests/Info.plist";
				LD_RUNPATH_SEARCH_PATHS = "$(inherited) @executable_path/Frameworks @loader_path/Frameworks";
				PRODUCT_BUNDLE_IDENTIFIER = "edu.missouri.Hello-WorldUITests";
				PRODUCT_NAME = "$(TARGET_NAME)";
				SWIFT_VERSION = 3.0;
				TEST_TARGET_NAME = "Hello World";
			};
			name = Debug;
		};
		908609F31EEB555B0091D950 /* Release */ = {
			isa = XCBuildConfiguration;
			buildSettings = {
				ALWAYS_EMBED_SWIFT_STANDARD_LIBRARIES = YES;
				INFOPLIST_FILE = "Hello WorldUITests/Info.plist";
				LD_RUNPATH_SEARCH_PATHS = "$(inherited) @executable_path/Frameworks @loader_path/Frameworks";
				PRODUCT_BUNDLE_IDENTIFIER = "edu.missouri.Hello-WorldUITests";
				PRODUCT_NAME = "$(TARGET_NAME)";
				SWIFT_VERSION = 3.0;
				TEST_TARGET_NAME = "Hello World";
			};
			name = Release;
		};
/* End XCBuildConfiguration section */

/* Begin XCConfigurationList section */
		908609BB1EEB555B0091D950 /* Build configuration list for PBXProject "Hello World" */ = {
			isa = XCConfigurationList;
			buildConfigurations = (
				908609E91EEB555B0091D950 /* Debug */,
				908609EA1EEB555B0091D950 /* Release */,
			);
			defaultConfigurationIsVisible = 0;
			defaultConfigurationName = Release;
		};
		908609EB1EEB555B0091D950 /* Build configuration list for PBXNativeTarget "Hello World" */ = {
			isa = XCConfigurationList;
			buildConfigurations = (
				908609EC1EEB555B0091D950 /* Debug */,
				908609ED1EEB555B0091D950 /* Release */,
			);
			defaultConfigurationIsVisible = 0;
		};
		908609EE1EEB555B0091D950 /* Build configuration list for PBXNativeTarget "Hello WorldTests" */ = {
			isa = XCConfigurationList;
			buildConfigurations = (
				908609EF1EEB555B0091D950 /* Debug */,
				908609F01EEB555B0091D950 /* Release */,
			);
			defaultConfigurationIsVisible = 0;
		};
		908609F11EEB555B0091D950 /* Build configuration list for PBXNativeTarget "Hello WorldUITests" */ = {
			isa = XCConfigurationList;
			buildConfigurations = (
				908609F21EEB555B0091D950 /* Debug */,
				908609F31EEB555B0091D950 /* Release */,
			);
			defaultConfigurationIsVisible = 0;
		};
/* End XCConfigurationList section */

/* Begin XCVersionGroup section */
		908609CA1EEB555B0091D950 /* Hello_World.xcdatamodeld */ = {
			isa = XCVersionGroup;
			children = (
				908609CB1EEB555B0091D950 /* Hello_World.xcdatamodel */,
			);
			currentVersion = 908609CB1EEB555B0091D950 /* Hello_World.xcdatamodel */;
			path = Hello_World.xcdatamodeld;
			sourceTree = "<group>";
			versionGroupType = wrapper.xcdatamodel;
		};
/* End XCVersionGroup section */
	};
	rootObject = 908609B81EEB555B0091D950 /* Project object */;
}
